
Microsoft Visual Studio Solution File, Format Version 12.00
# Visual Studio Version 17
VisualStudioVersion = 17.8.34511.84
MinimumVisualStudioVersion = 10.0.40219.1
Project("{FAE04EC0-301F-11D3-BF4B-00C04F79EFBC}") = "Proiect", "Proiect\Proiect.csproj", "{9CB8DB9B-EE54-4AA8-BB34-660CCB0E1A9F}"
EndProject
Global
	GlobalSection(SolutionConfigurationPlatforms) = preSolution
		Debug|Any CPU = Debug|Any CPU
		Release|Any CPU = Release|Any CPU
	EndGlobalSection
	GlobalSection(ProjectConfigurationPlatforms) = postSolution
		{9CB8DB9B-EE54-4AA8-BB34-660CCB0E1A9F}.Debug|Any CPU.ActiveCfg = Debug|Any CPU
		{9CB8DB9B-EE54-4AA8-BB34-660CCB0E1A9F}.Debug|Any CPU.Build.0 = Debug|Any CPU
		{9CB8DB9B-EE54-4AA8-BB34-660CCB0E1A9F}.Release|Any CPU.ActiveCfg = Release|Any CPU
		{9CB8DB9B-EE54-4AA8-BB34-660CCB0E1A9F}.Release|Any CPU.Build.0 = Release|Any CPU
	EndGlobalSection
	GlobalSection(SolutionProperties) = preSolution
		HideSolutionNode = FALSE
	EndGlobalSection
	GlobalSection(ExtensibilityGlobals) = postSolution
		SolutionGuid = {C4F655FF-5482-47A0-8454-C458A334C872}
	EndGlobalSection
EndGlobal
